// !$*UTF8*$!
{
	archiveVersion = 1;
	classes = {
	};
	objectVersion = 46;
	objects = {

/* Begin PBXBuildFile section */
		B93670191F4F0497006C270F /* RxCocoa.framework in Frameworks */ = {isa = PBXBuildFile; fileRef = B93670141F4F0497006C270F /* RxCocoa.framework */; };
		B936701A1F4F0497006C270F /* RxCocoa.framework in Embed Frameworks */ = {isa = PBXBuildFile; fileRef = B93670141F4F0497006C270F /* RxCocoa.framework */; settings = {ATTRIBUTES = (CodeSignOnCopy, RemoveHeadersOnCopy, ); }; };
		B936701B1F4F0497006C270F /* RxSwift.framework in Frameworks */ = {isa = PBXBuildFile; fileRef = B93670151F4F0497006C270F /* RxSwift.framework */; };
		B936701C1F4F0497006C270F /* RxSwift.framework in Embed Frameworks */ = {isa = PBXBuildFile; fileRef = B93670151F4F0497006C270F /* RxSwift.framework */; settings = {ATTRIBUTES = (CodeSignOnCopy, RemoveHeadersOnCopy, ); }; };
		B9610BCC1F6044A80033BDCB /* AlamofireImplementations.swift in Sources */ = {isa = PBXBuildFile; fileRef = B9610BBD1F6044A80033BDCB /* AlamofireImplementations.swift */; };
		B9610BCD1F6044A80033BDCB /* APIHelper.swift in Sources */ = {isa = PBXBuildFile; fileRef = B9610BBE1F6044A80033BDCB /* APIHelper.swift */; };
		B9610BCE1F6044A80033BDCB /* FeedAPI.swift in Sources */ = {isa = PBXBuildFile; fileRef = B9610BC01F6044A80033BDCB /* FeedAPI.swift */; };
		B9610BCF1F6044A80033BDCB /* MicropostsAPI.swift in Sources */ = {isa = PBXBuildFile; fileRef = B9610BC11F6044A80033BDCB /* MicropostsAPI.swift */; };
		B9610BD01F6044A80033BDCB /* RelationshipsAPI.swift in Sources */ = {isa = PBXBuildFile; fileRef = B9610BC21F6044A80033BDCB /* RelationshipsAPI.swift */; };
		B9610BD11F6044A80033BDCB /* UsersAPI.swift in Sources */ = {isa = PBXBuildFile; fileRef = B9610BC31F6044A80033BDCB /* UsersAPI.swift */; };
		B9610BD21F6044A80033BDCB /* APIs.swift in Sources */ = {isa = PBXBuildFile; fileRef = B9610BC41F6044A80033BDCB /* APIs.swift */; };
		B9610BD31F6044A80033BDCB /* Configuration.swift in Sources */ = {isa = PBXBuildFile; fileRef = B9610BC51F6044A80033BDCB /* Configuration.swift */; };
		B9610BD41F6044A80033BDCB /* Extensions.swift in Sources */ = {isa = PBXBuildFile; fileRef = B9610BC61F6044A80033BDCB /* Extensions.swift */; };
		B9610BD51F6044A80033BDCB /* Micropost.swift in Sources */ = {isa = PBXBuildFile; fileRef = B9610BC81F6044A80033BDCB /* Micropost.swift */; };
		B9610BD61F6044A80033BDCB /* Picture.swift in Sources */ = {isa = PBXBuildFile; fileRef = B9610BC91F6044A80033BDCB /* Picture.swift */; };
		B9610BD71F6044A80033BDCB /* User.swift in Sources */ = {isa = PBXBuildFile; fileRef = B9610BCA1F6044A80033BDCB /* User.swift */; };
		B9610BD81F6044A80033BDCB /* Models.swift in Sources */ = {isa = PBXBuildFile; fileRef = B9610BCB1F6044A80033BDCB /* Models.swift */; };
		B9610BDB1F62D3B80033BDCB /* UserView.swift in Sources */ = {isa = PBXBuildFile; fileRef = B9610BDA1F62D3B80033BDCB /* UserView.swift */; };
		B9610BDF1F62DC910033BDCB /* RxBlocking.framework in Frameworks */ = {isa = PBXBuildFile; fileRef = B93670131F4F0497006C270F /* RxBlocking.framework */; };
		B9610BE01F62DC910033BDCB /* RxTest.framework in Frameworks */ = {isa = PBXBuildFile; fileRef = B93670161F4F0497006C270F /* RxTest.framework */; };
		B9BEF2FA1F48A40200471BB4 /* AppDelegate.swift in Sources */ = {isa = PBXBuildFile; fileRef = B9BEF2F91F48A40200471BB4 /* AppDelegate.swift */; };
		B9BEF2FC1F48A40200471BB4 /* ViewController.swift in Sources */ = {isa = PBXBuildFile; fileRef = B9BEF2FB1F48A40200471BB4 /* ViewController.swift */; };
		B9BEF2FF1F48A40200471BB4 /* Main.storyboard in Resources */ = {isa = PBXBuildFile; fileRef = B9BEF2FD1F48A40200471BB4 /* Main.storyboard */; };
		B9BEF3011F48A40200471BB4 /* Assets.xcassets in Resources */ = {isa = PBXBuildFile; fileRef = B9BEF3001F48A40200471BB4 /* Assets.xcassets */; };
		B9BEF3041F48A40200471BB4 /* LaunchScreen.storyboard in Resources */ = {isa = PBXBuildFile; fileRef = B9BEF3021F48A40200471BB4 /* LaunchScreen.storyboard */; };
		B9BEF30F1F48A40200471BB4 /* SampleAppTests.swift in Sources */ = {isa = PBXBuildFile; fileRef = B9BEF30E1F48A40200471BB4 /* SampleAppTests.swift */; };
		B9BEF31A1F48A40200471BB4 /* SampleAppUITests.swift in Sources */ = {isa = PBXBuildFile; fileRef = B9BEF3191F48A40200471BB4 /* SampleAppUITests.swift */; };
		B9BEF3281F48AC0500471BB4 /* OAuthSwift.framework in Frameworks */ = {isa = PBXBuildFile; fileRef = B9BEF3271F48AC0500471BB4 /* OAuthSwift.framework */; };
		B9BEF3291F48AC0600471BB4 /* OAuthSwift.framework in Embed Frameworks */ = {isa = PBXBuildFile; fileRef = B9BEF3271F48AC0500471BB4 /* OAuthSwift.framework */; settings = {ATTRIBUTES = (CodeSignOnCopy, RemoveHeadersOnCopy, ); }; };
		B9BEF32C1F48F47500471BB4 /* Alamofire.framework in Frameworks */ = {isa = PBXBuildFile; fileRef = B9BEF32B1F48F47500471BB4 /* Alamofire.framework */; };
		B9BEF32D1F48F47500471BB4 /* Alamofire.framework in Embed Frameworks */ = {isa = PBXBuildFile; fileRef = B9BEF32B1F48F47500471BB4 /* Alamofire.framework */; settings = {ATTRIBUTES = (CodeSignOnCopy, RemoveHeadersOnCopy, ); }; };
		B9F85DBC1F6021FA00B33A5A /* UserViewModel.swift in Sources */ = {isa = PBXBuildFile; fileRef = B9F85DBB1F6021FA00B33A5A /* UserViewModel.swift */; };
		B9F85DBE1F6023EB00B33A5A /* UserViewModelTests.swift in Sources */ = {isa = PBXBuildFile; fileRef = B9F85DBD1F6023EB00B33A5A /* UserViewModelTests.swift */; };
/* End PBXBuildFile section */

/* Begin PBXContainerItemProxy section */
		B9BEF30B1F48A40200471BB4 /* PBXContainerItemProxy */ = {
			isa = PBXContainerItemProxy;
			containerPortal = B9BEF2EE1F48A40200471BB4 /* Project object */;
			proxyType = 1;
			remoteGlobalIDString = B9BEF2F51F48A40200471BB4;
			remoteInfo = SampleApp;
		};
		B9BEF3161F48A40200471BB4 /* PBXContainerItemProxy */ = {
			isa = PBXContainerItemProxy;
			containerPortal = B9BEF2EE1F48A40200471BB4 /* Project object */;
			proxyType = 1;
			remoteGlobalIDString = B9BEF2F51F48A40200471BB4;
			remoteInfo = SampleApp;
		};
/* End PBXContainerItemProxy section */

/* Begin PBXCopyFilesBuildPhase section */
		B9BEF32A1F48AC0600471BB4 /* Embed Frameworks */ = {
			isa = PBXCopyFilesBuildPhase;
			buildActionMask = 2147483647;
			dstPath = "";
			dstSubfolderSpec = 10;
			files = (
				B936701C1F4F0497006C270F /* RxSwift.framework in Embed Frameworks */,
				B936701A1F4F0497006C270F /* RxCocoa.framework in Embed Frameworks */,
				B9BEF3291F48AC0600471BB4 /* OAuthSwift.framework in Embed Frameworks */,
				B9BEF32D1F48F47500471BB4 /* Alamofire.framework in Embed Frameworks */,
			);
			name = "Embed Frameworks";
			runOnlyForDeploymentPostprocessing = 0;
		};
/* End PBXCopyFilesBuildPhase section */

/* Begin PBXFileReference section */
		B93670131F4F0497006C270F /* RxBlocking.framework */ = {isa = PBXFileReference; lastKnownFileType = wrapper.framework; name = RxBlocking.framework; path = Carthage/Build/iOS/RxBlocking.framework; sourceTree = "<group>"; };
		B93670141F4F0497006C270F /* RxCocoa.framework */ = {isa = PBXFileReference; lastKnownFileType = wrapper.framework; name = RxCocoa.framework; path = Carthage/Build/iOS/RxCocoa.framework; sourceTree = "<group>"; };
		B93670151F4F0497006C270F /* RxSwift.framework */ = {isa = PBXFileReference; lastKnownFileType = wrapper.framework; name = RxSwift.framework; path = Carthage/Build/iOS/RxSwift.framework; sourceTree = "<group>"; };
		B93670161F4F0497006C270F /* RxTest.framework */ = {isa = PBXFileReference; lastKnownFileType = wrapper.framework; name = RxTest.framework; path = Carthage/Build/iOS/RxTest.framework; sourceTree = "<group>"; };
		B9610BBD1F6044A80033BDCB /* AlamofireImplementations.swift */ = {isa = PBXFileReference; fileEncoding = 4; lastKnownFileType = sourcecode.swift; path = AlamofireImplementations.swift; sourceTree = "<group>"; };
		B9610BBE1F6044A80033BDCB /* APIHelper.swift */ = {isa = PBXFileReference; fileEncoding = 4; lastKnownFileType = sourcecode.swift; path = APIHelper.swift; sourceTree = "<group>"; };
		B9610BC01F6044A80033BDCB /* FeedAPI.swift */ = {isa = PBXFileReference; fileEncoding = 4; lastKnownFileType = sourcecode.swift; path = FeedAPI.swift; sourceTree = "<group>"; };
		B9610BC11F6044A80033BDCB /* MicropostsAPI.swift */ = {isa = PBXFileReference; fileEncoding = 4; lastKnownFileType = sourcecode.swift; path = MicropostsAPI.swift; sourceTree = "<group>"; };
		B9610BC21F6044A80033BDCB /* RelationshipsAPI.swift */ = {isa = PBXFileReference; fileEncoding = 4; lastKnownFileType = sourcecode.swift; path = RelationshipsAPI.swift; sourceTree = "<group>"; };
		B9610BC31F6044A80033BDCB /* UsersAPI.swift */ = {isa = PBXFileReference; fileEncoding = 4; lastKnownFileType = sourcecode.swift; path = UsersAPI.swift; sourceTree = "<group>"; };
		B9610BC41F6044A80033BDCB /* APIs.swift */ = {isa = PBXFileReference; fileEncoding = 4; lastKnownFileType = sourcecode.swift; path = APIs.swift; sourceTree = "<group>"; };
		B9610BC51F6044A80033BDCB /* Configuration.swift */ = {isa = PBXFileReference; fileEncoding = 4; lastKnownFileType = sourcecode.swift; path = Configuration.swift; sourceTree = "<group>"; };
		B9610BC61F6044A80033BDCB /* Extensions.swift */ = {isa = PBXFileReference; fileEncoding = 4; lastKnownFileType = sourcecode.swift; path = Extensions.swift; sourceTree = "<group>"; };
		B9610BC81F6044A80033BDCB /* Micropost.swift */ = {isa = PBXFileReference; fileEncoding = 4; lastKnownFileType = sourcecode.swift; path = Micropost.swift; sourceTree = "<group>"; };
		B9610BC91F6044A80033BDCB /* Picture.swift */ = {isa = PBXFileReference; fileEncoding = 4; lastKnownFileType = sourcecode.swift; path = Picture.swift; sourceTree = "<group>"; };
		B9610BCA1F6044A80033BDCB /* User.swift */ = {isa = PBXFileReference; fileEncoding = 4; lastKnownFileType = sourcecode.swift; path = User.swift; sourceTree = "<group>"; };
		B9610BCB1F6044A80033BDCB /* Models.swift */ = {isa = PBXFileReference; fileEncoding = 4; lastKnownFileType = sourcecode.swift; path = Models.swift; sourceTree = "<group>"; };
		B9610BDA1F62D3B80033BDCB /* UserView.swift */ = {isa = PBXFileReference; fileEncoding = 4; lastKnownFileType = sourcecode.swift; path = UserView.swift; sourceTree = "<group>"; };
		B9BEF2F61F48A40200471BB4 /* SampleApp.app */ = {isa = PBXFileReference; explicitFileType = wrapper.application; includeInIndex = 0; path = SampleApp.app; sourceTree = BUILT_PRODUCTS_DIR; };
		B9BEF2F91F48A40200471BB4 /* AppDelegate.swift */ = {isa = PBXFileReference; lastKnownFileType = sourcecode.swift; path = AppDelegate.swift; sourceTree = "<group>"; };
		B9BEF2FB1F48A40200471BB4 /* ViewController.swift */ = {isa = PBXFileReference; lastKnownFileType = sourcecode.swift; path = ViewController.swift; sourceTree = "<group>"; };
		B9BEF2FE1F48A40200471BB4 /* Base */ = {isa = PBXFileReference; lastKnownFileType = file.storyboard; name = Base; path = Base.lproj/Main.storyboard; sourceTree = "<group>"; };
		B9BEF3001F48A40200471BB4 /* Assets.xcassets */ = {isa = PBXFileReference; lastKnownFileType = folder.assetcatalog; path = Assets.xcassets; sourceTree = "<group>"; };
		B9BEF3031F48A40200471BB4 /* Base */ = {isa = PBXFileReference; lastKnownFileType = file.storyboard; name = Base; path = Base.lproj/LaunchScreen.storyboard; sourceTree = "<group>"; };
		B9BEF3051F48A40200471BB4 /* Info.plist */ = {isa = PBXFileReference; lastKnownFileType = text.plist.xml; path = Info.plist; sourceTree = "<group>"; };
		B9BEF30A1F48A40200471BB4 /* SampleAppTests.xctest */ = {isa = PBXFileReference; explicitFileType = wrapper.cfbundle; includeInIndex = 0; path = SampleAppTests.xctest; sourceTree = BUILT_PRODUCTS_DIR; };
		B9BEF30E1F48A40200471BB4 /* SampleAppTests.swift */ = {isa = PBXFileReference; lastKnownFileType = sourcecode.swift; path = SampleAppTests.swift; sourceTree = "<group>"; };
		B9BEF3101F48A40200471BB4 /* Info.plist */ = {isa = PBXFileReference; lastKnownFileType = text.plist.xml; path = Info.plist; sourceTree = "<group>"; };
		B9BEF3151F48A40200471BB4 /* SampleAppUITests.xctest */ = {isa = PBXFileReference; explicitFileType = wrapper.cfbundle; includeInIndex = 0; path = SampleAppUITests.xctest; sourceTree = BUILT_PRODUCTS_DIR; };
		B9BEF3191F48A40200471BB4 /* SampleAppUITests.swift */ = {isa = PBXFileReference; lastKnownFileType = sourcecode.swift; path = SampleAppUITests.swift; sourceTree = "<group>"; };
		B9BEF31B1F48A40200471BB4 /* Info.plist */ = {isa = PBXFileReference; lastKnownFileType = text.plist.xml; path = Info.plist; sourceTree = "<group>"; };
		B9BEF3271F48AC0500471BB4 /* OAuthSwift.framework */ = {isa = PBXFileReference; lastKnownFileType = wrapper.framework; name = OAuthSwift.framework; path = Carthage/Build/iOS/OAuthSwift.framework; sourceTree = "<group>"; };
		B9BEF32B1F48F47500471BB4 /* Alamofire.framework */ = {isa = PBXFileReference; lastKnownFileType = wrapper.framework; name = Alamofire.framework; path = Carthage/Build/iOS/Alamofire.framework; sourceTree = "<group>"; };
		B9F85DBB1F6021FA00B33A5A /* UserViewModel.swift */ = {isa = PBXFileReference; fileEncoding = 4; lastKnownFileType = sourcecode.swift; path = UserViewModel.swift; sourceTree = "<group>"; };
		B9F85DBD1F6023EB00B33A5A /* UserViewModelTests.swift */ = {isa = PBXFileReference; fileEncoding = 4; lastKnownFileType = sourcecode.swift; path = UserViewModelTests.swift; sourceTree = "<group>"; };
/* End PBXFileReference section */

/* Begin PBXFrameworksBuildPhase section */
		B9BEF2F31F48A40200471BB4 /* Frameworks */ = {
			isa = PBXFrameworksBuildPhase;
			buildActionMask = 2147483647;
			files = (
				B936701B1F4F0497006C270F /* RxSwift.framework in Frameworks */,
				B93670191F4F0497006C270F /* RxCocoa.framework in Frameworks */,
				B9BEF3281F48AC0500471BB4 /* OAuthSwift.framework in Frameworks */,
				B9BEF32C1F48F47500471BB4 /* Alamofire.framework in Frameworks */,
			);
			runOnlyForDeploymentPostprocessing = 0;
		};
		B9BEF3071F48A40200471BB4 /* Frameworks */ = {
			isa = PBXFrameworksBuildPhase;
			buildActionMask = 2147483647;
			files = (
				B9610BE01F62DC910033BDCB /* RxTest.framework in Frameworks */,
				B9610BDF1F62DC910033BDCB /* RxBlocking.framework in Frameworks */,
			);
			runOnlyForDeploymentPostprocessing = 0;
		};
		B9BEF3121F48A40200471BB4 /* Frameworks */ = {
			isa = PBXFrameworksBuildPhase;
			buildActionMask = 2147483647;
			files = (
			);
			runOnlyForDeploymentPostprocessing = 0;
		};
/* End PBXFrameworksBuildPhase section */

/* Begin PBXGroup section */
		B9610BBA1F6044A80033BDCB /* SampleAppClient */ = {
			isa = PBXGroup;
			children = (
				B9610BBB1F6044A80033BDCB /* Classes */,
			);
			path = SampleAppClient;
			sourceTree = "<group>";
		};
		B9610BBB1F6044A80033BDCB /* Classes */ = {
			isa = PBXGroup;
			children = (
				B9610BBC1F6044A80033BDCB /* Swaggers */,
			);
			path = Classes;
			sourceTree = "<group>";
		};
		B9610BBC1F6044A80033BDCB /* Swaggers */ = {
			isa = PBXGroup;
			children = (
				B9610BBD1F6044A80033BDCB /* AlamofireImplementations.swift */,
				B9610BBE1F6044A80033BDCB /* APIHelper.swift */,
				B9610BBF1F6044A80033BDCB /* APIs */,
				B9610BC41F6044A80033BDCB /* APIs.swift */,
				B9610BC51F6044A80033BDCB /* Configuration.swift */,
				B9610BC61F6044A80033BDCB /* Extensions.swift */,
				B9610BC71F6044A80033BDCB /* Models */,
				B9610BCB1F6044A80033BDCB /* Models.swift */,
			);
			path = Swaggers;
			sourceTree = "<group>";
		};
		B9610BBF1F6044A80033BDCB /* APIs */ = {
			isa = PBXGroup;
			children = (
				B9610BC01F6044A80033BDCB /* FeedAPI.swift */,
				B9610BC11F6044A80033BDCB /* MicropostsAPI.swift */,
				B9610BC21F6044A80033BDCB /* RelationshipsAPI.swift */,
				B9610BC31F6044A80033BDCB /* UsersAPI.swift */,
			);
			path = APIs;
			sourceTree = "<group>";
		};
		B9610BC71F6044A80033BDCB /* Models */ = {
			isa = PBXGroup;
			children = (
				B9610BC81F6044A80033BDCB /* Micropost.swift */,
				B9610BC91F6044A80033BDCB /* Picture.swift */,
				B9610BCA1F6044A80033BDCB /* User.swift */,
			);
			path = Models;
			sourceTree = "<group>";
		};
		B9610BD91F62D3A10033BDCB /* View */ = {
			isa = PBXGroup;
			children = (
				B9610BDA1F62D3B80033BDCB /* UserView.swift */,
			);
			path = View;
			sourceTree = "<group>";
		};
		B9BEF2ED1F48A40200471BB4 = {
			isa = PBXGroup;
			children = (
				B93670131F4F0497006C270F /* RxBlocking.framework */,
				B93670141F4F0497006C270F /* RxCocoa.framework */,
				B93670151F4F0497006C270F /* RxSwift.framework */,
				B93670161F4F0497006C270F /* RxTest.framework */,
				B9BEF32B1F48F47500471BB4 /* Alamofire.framework */,
				B9BEF3271F48AC0500471BB4 /* OAuthSwift.framework */,
				B9BEF2F81F48A40200471BB4 /* SampleApp */,
				B9BEF30D1F48A40200471BB4 /* SampleAppTests */,
				B9BEF3181F48A40200471BB4 /* SampleAppUITests */,
				B9BEF2F71F48A40200471BB4 /* Products */,
			);
			sourceTree = "<group>";
		};
		B9BEF2F71F48A40200471BB4 /* Products */ = {
			isa = PBXGroup;
			children = (
				B9BEF2F61F48A40200471BB4 /* SampleApp.app */,
				B9BEF30A1F48A40200471BB4 /* SampleAppTests.xctest */,
				B9BEF3151F48A40200471BB4 /* SampleAppUITests.xctest */,
			);
			name = Products;
			sourceTree = "<group>";
		};
		B9BEF2F81F48A40200471BB4 /* SampleApp */ = {
			isa = PBXGroup;
			children = (
				B9610BD91F62D3A10033BDCB /* View */,
				B9610BBA1F6044A80033BDCB /* SampleAppClient */,
				B9F85DBA1F6021FA00B33A5A /* ViewModel */,
				B9BEF2F91F48A40200471BB4 /* AppDelegate.swift */,
				B9BEF2FB1F48A40200471BB4 /* ViewController.swift */,
				B9BEF2FD1F48A40200471BB4 /* Main.storyboard */,
				B9BEF3001F48A40200471BB4 /* Assets.xcassets */,
				B9BEF3021F48A40200471BB4 /* LaunchScreen.storyboard */,
				B9BEF3051F48A40200471BB4 /* Info.plist */,
			);
			path = SampleApp;
			sourceTree = "<group>";
		};
		B9BEF30D1F48A40200471BB4 /* SampleAppTests */ = {
			isa = PBXGroup;
			children = (
				B9BEF30E1F48A40200471BB4 /* SampleAppTests.swift */,
				B9BEF3101F48A40200471BB4 /* Info.plist */,
				B9F85DBD1F6023EB00B33A5A /* UserViewModelTests.swift */,
			);
			path = SampleAppTests;
			sourceTree = "<group>";
		};
		B9BEF3181F48A40200471BB4 /* SampleAppUITests */ = {
			isa = PBXGroup;
			children = (
				B9BEF3191F48A40200471BB4 /* SampleAppUITests.swift */,
				B9BEF31B1F48A40200471BB4 /* Info.plist */,
			);
			path = SampleAppUITests;
			sourceTree = "<group>";
		};
		B9F85DBA1F6021FA00B33A5A /* ViewModel */ = {
			isa = PBXGroup;
			children = (
				B9F85DBB1F6021FA00B33A5A /* UserViewModel.swift */,
			);
			path = ViewModel;
			sourceTree = "<group>";
		};
/* End PBXGroup section */

/* Begin PBXNativeTarget section */
		B9BEF2F51F48A40200471BB4 /* SampleApp */ = {
			isa = PBXNativeTarget;
			buildConfigurationList = B9BEF31E1F48A40200471BB4 /* Build configuration list for PBXNativeTarget "SampleApp" */;
			buildPhases = (
				B9BEF2F21F48A40200471BB4 /* Sources */,
				B9BEF2F31F48A40200471BB4 /* Frameworks */,
				B9BEF2F41F48A40200471BB4 /* Resources */,
				B9BEF32A1F48AC0600471BB4 /* Embed Frameworks */,
			);
			buildRules = (
			);
			dependencies = (
			);
			name = SampleApp;
			productName = SampleApp;
			productReference = B9BEF2F61F48A40200471BB4 /* SampleApp.app */;
			productType = "com.apple.product-type.application";
		};
		B9BEF3091F48A40200471BB4 /* SampleAppTests */ = {
			isa = PBXNativeTarget;
			buildConfigurationList = B9BEF3211F48A40200471BB4 /* Build configuration list for PBXNativeTarget "SampleAppTests" */;
			buildPhases = (
				B9BEF3061F48A40200471BB4 /* Sources */,
				B9BEF3071F48A40200471BB4 /* Frameworks */,
				B9BEF3081F48A40200471BB4 /* Resources */,
			);
			buildRules = (
			);
			dependencies = (
				B9BEF30C1F48A40200471BB4 /* PBXTargetDependency */,
			);
			name = SampleAppTests;
			productName = SampleAppTests;
			productReference = B9BEF30A1F48A40200471BB4 /* SampleAppTests.xctest */;
			productType = "com.apple.product-type.bundle.unit-test";
		};
		B9BEF3141F48A40200471BB4 /* SampleAppUITests */ = {
			isa = PBXNativeTarget;
			buildConfigurationList = B9BEF3241F48A40200471BB4 /* Build configuration list for PBXNativeTarget "SampleAppUITests" */;
			buildPhases = (
				B9BEF3111F48A40200471BB4 /* Sources */,
				B9BEF3121F48A40200471BB4 /* Frameworks */,
				B9BEF3131F48A40200471BB4 /* Resources */,
			);
			buildRules = (
			);
			dependencies = (
				B9BEF3171F48A40200471BB4 /* PBXTargetDependency */,
			);
			name = SampleAppUITests;
			productName = SampleAppUITests;
			productReference = B9BEF3151F48A40200471BB4 /* SampleAppUITests.xctest */;
			productType = "com.apple.product-type.bundle.ui-testing";
		};
/* End PBXNativeTarget section */

/* Begin PBXProject section */
		B9BEF2EE1F48A40200471BB4 /* Project object */ = {
			isa = PBXProject;
			attributes = {
				LastSwiftUpdateCheck = 0830;
				LastUpgradeCheck = 0900;
				ORGANIZATIONNAME = "Kazuhiro Furue";
				TargetAttributes = {
					B9BEF2F51F48A40200471BB4 = {
						CreatedOnToolsVersion = 8.3.3;
						DevelopmentTeam = L6J6597M8N;
						ProvisioningStyle = Automatic;
					};
					B9BEF3091F48A40200471BB4 = {
						CreatedOnToolsVersion = 8.3.3;
						ProvisioningStyle = Automatic;
						TestTargetID = B9BEF2F51F48A40200471BB4;
					};
					B9BEF3141F48A40200471BB4 = {
						CreatedOnToolsVersion = 8.3.3;
						ProvisioningStyle = Automatic;
						TestTargetID = B9BEF2F51F48A40200471BB4;
					};
				};
			};
			buildConfigurationList = B9BEF2F11F48A40200471BB4 /* Build configuration list for PBXProject "SampleApp" */;
			compatibilityVersion = "Xcode 3.2";
			developmentRegion = English;
			hasScannedForEncodings = 0;
			knownRegions = (
				en,
				Base,
			);
			mainGroup = B9BEF2ED1F48A40200471BB4;
			productRefGroup = B9BEF2F71F48A40200471BB4 /* Products */;
			projectDirPath = "";
			projectRoot = "";
			targets = (
				B9BEF2F51F48A40200471BB4 /* SampleApp */,
				B9BEF3091F48A40200471BB4 /* SampleAppTests */,
				B9BEF3141F48A40200471BB4 /* SampleAppUITests */,
			);
		};
/* End PBXProject section */

/* Begin PBXResourcesBuildPhase section */
		B9BEF2F41F48A40200471BB4 /* Resources */ = {
			isa = PBXResourcesBuildPhase;
			buildActionMask = 2147483647;
			files = (
				B9BEF3041F48A40200471BB4 /* LaunchScreen.storyboard in Resources */,
				B9BEF3011F48A40200471BB4 /* Assets.xcassets in Resources */,
				B9BEF2FF1F48A40200471BB4 /* Main.storyboard in Resources */,
			);
			runOnlyForDeploymentPostprocessing = 0;
		};
		B9BEF3081F48A40200471BB4 /* Resources */ = {
			isa = PBXResourcesBuildPhase;
			buildActionMask = 2147483647;
			files = (
			);
			runOnlyForDeploymentPostprocessing = 0;
		};
		B9BEF3131F48A40200471BB4 /* Resources */ = {
			isa = PBXResourcesBuildPhase;
			buildActionMask = 2147483647;
			files = (
			);
			runOnlyForDeploymentPostprocessing = 0;
		};
/* End PBXResourcesBuildPhase section */

/* Begin PBXSourcesBuildPhase section */
		B9BEF2F21F48A40200471BB4 /* Sources */ = {
			isa = PBXSourcesBuildPhase;
			buildActionMask = 2147483647;
			files = (
				B9610BD51F6044A80033BDCB /* Micropost.swift in Sources */,
				B9610BD01F6044A80033BDCB /* RelationshipsAPI.swift in Sources */,
				B9610BD11F6044A80033BDCB /* UsersAPI.swift in Sources */,
				B9610BCE1F6044A80033BDCB /* FeedAPI.swift in Sources */,
				B9610BD61F6044A80033BDCB /* Picture.swift in Sources */,
				B9BEF2FC1F48A40200471BB4 /* ViewController.swift in Sources */,
				B9F85DBC1F6021FA00B33A5A /* UserViewModel.swift in Sources */,
				B9610BCF1F6044A80033BDCB /* MicropostsAPI.swift in Sources */,
				B9610BD71F6044A80033BDCB /* User.swift in Sources */,
				B9610BCC1F6044A80033BDCB /* AlamofireImplementations.swift in Sources */,
				B9610BD41F6044A80033BDCB /* Extensions.swift in Sources */,
				B9610BD81F6044A80033BDCB /* Models.swift in Sources */,
				B9610BCD1F6044A80033BDCB /* APIHelper.swift in Sources */,
				B9610BDB1F62D3B80033BDCB /* UserView.swift in Sources */,
				B9610BD21F6044A80033BDCB /* APIs.swift in Sources */,
				B9BEF2FA1F48A40200471BB4 /* AppDelegate.swift in Sources */,
				B9610BD31F6044A80033BDCB /* Configuration.swift in Sources */,
			);
			runOnlyForDeploymentPostprocessing = 0;
		};
		B9BEF3061F48A40200471BB4 /* Sources */ = {
			isa = PBXSourcesBuildPhase;
			buildActionMask = 2147483647;
			files = (
				B9BEF30F1F48A40200471BB4 /* SampleAppTests.swift in Sources */,
				B9F85DBE1F6023EB00B33A5A /* UserViewModelTests.swift in Sources */,
			);
			runOnlyForDeploymentPostprocessing = 0;
		};
		B9BEF3111F48A40200471BB4 /* Sources */ = {
			isa = PBXSourcesBuildPhase;
			buildActionMask = 2147483647;
			files = (
				B9BEF31A1F48A40200471BB4 /* SampleAppUITests.swift in Sources */,
			);
			runOnlyForDeploymentPostprocessing = 0;
		};
/* End PBXSourcesBuildPhase section */

/* Begin PBXTargetDependency section */
		B9BEF30C1F48A40200471BB4 /* PBXTargetDependency */ = {
			isa = PBXTargetDependency;
			target = B9BEF2F51F48A40200471BB4 /* SampleApp */;
			targetProxy = B9BEF30B1F48A40200471BB4 /* PBXContainerItemProxy */;
		};
		B9BEF3171F48A40200471BB4 /* PBXTargetDependency */ = {
			isa = PBXTargetDependency;
			target = B9BEF2F51F48A40200471BB4 /* SampleApp */;
			targetProxy = B9BEF3161F48A40200471BB4 /* PBXContainerItemProxy */;
		};
/* End PBXTargetDependency section */

/* Begin PBXVariantGroup section */
		B9BEF2FD1F48A40200471BB4 /* Main.storyboard */ = {
			isa = PBXVariantGroup;
			children = (
				B9BEF2FE1F48A40200471BB4 /* Base */,
			);
			name = Main.storyboard;
			sourceTree = "<group>";
		};
		B9BEF3021F48A40200471BB4 /* LaunchScreen.storyboard */ = {
			isa = PBXVariantGroup;
			children = (
				B9BEF3031F48A40200471BB4 /* Base */,
			);
			name = LaunchScreen.storyboard;
			sourceTree = "<group>";
		};
/* End PBXVariantGroup section */

/* Begin XCBuildConfiguration section */
		B9BEF31C1F48A40200471BB4 /* Debug */ = {
			isa = XCBuildConfiguration;
			buildSettings = {
				ALWAYS_SEARCH_USER_PATHS = NO;
				CLANG_ANALYZER_NONNULL = YES;
				CLANG_ANALYZER_NUMBER_OBJECT_CONVERSION = YES_AGGRESSIVE;
				CLANG_CXX_LANGUAGE_STANDARD = "gnu++0x";
				CLANG_CXX_LIBRARY = "libc++";
				CLANG_ENABLE_MODULES = YES;
				CLANG_ENABLE_OBJC_ARC = YES;
				CLANG_WARN_BLOCK_CAPTURE_AUTORELEASING = YES;
				CLANG_WARN_BOOL_CONVERSION = YES;
				CLANG_WARN_COMMA = YES;
				CLANG_WARN_CONSTANT_CONVERSION = YES;
				CLANG_WARN_DIRECT_OBJC_ISA_USAGE = YES_ERROR;
				CLANG_WARN_DOCUMENTATION_COMMENTS = YES;
				CLANG_WARN_EMPTY_BODY = YES;
				CLANG_WARN_ENUM_CONVERSION = YES;
				CLANG_WARN_INFINITE_RECURSION = YES;
				CLANG_WARN_INT_CONVERSION = YES;
				CLANG_WARN_NON_LITERAL_NULL_CONVERSION = YES;
				CLANG_WARN_OBJC_LITERAL_CONVERSION = YES;
				CLANG_WARN_OBJC_ROOT_CLASS = YES_ERROR;
				CLANG_WARN_RANGE_LOOP_ANALYSIS = YES;
				CLANG_WARN_STRICT_PROTOTYPES = YES;
				CLANG_WARN_SUSPICIOUS_MOVE = YES;
				CLANG_WARN_UNREACHABLE_CODE = YES;
				CLANG_WARN__DUPLICATE_METHOD_MATCH = YES;
				"CODE_SIGN_IDENTITY[sdk=iphoneos*]" = "iPhone Developer";
				COPY_PHASE_STRIP = NO;
				DEBUG_INFORMATION_FORMAT = dwarf;
				ENABLE_STRICT_OBJC_MSGSEND = YES;
				ENABLE_TESTABILITY = YES;
				GCC_C_LANGUAGE_STANDARD = gnu99;
				GCC_DYNAMIC_NO_PIC = NO;
				GCC_NO_COMMON_BLOCKS = YES;
				GCC_OPTIMIZATION_LEVEL = 0;
				GCC_PREPROCESSOR_DEFINITIONS = (
					"DEBUG=1",
					"$(inherited)",
				);
				GCC_WARN_64_TO_32_BIT_CONVERSION = YES;
				GCC_WARN_ABOUT_RETURN_TYPE = YES_ERROR;
				GCC_WARN_UNDECLARED_SELECTOR = YES;
				GCC_WARN_UNINITIALIZED_AUTOS = YES_AGGRESSIVE;
				GCC_WARN_UNUSED_FUNCTION = YES;
				GCC_WARN_UNUSED_VARIABLE = YES;
				IPHONEOS_DEPLOYMENT_TARGET = 10.3;
				MTL_ENABLE_DEBUG_INFO = YES;
				ONLY_ACTIVE_ARCH = YES;
				SDKROOT = iphoneos;
				SWIFT_ACTIVE_COMPILATION_CONDITIONS = DEBUG;
				SWIFT_OPTIMIZATION_LEVEL = "-Onone";
				TARGETED_DEVICE_FAMILY = "1,2";
			};
			name = Debug;
		};
		B9BEF31D1F48A40200471BB4 /* Release */ = {
			isa = XCBuildConfiguration;
			buildSettings = {
				ALWAYS_SEARCH_USER_PATHS = NO;
				CLANG_ANALYZER_NONNULL = YES;
				CLANG_ANALYZER_NUMBER_OBJECT_CONVERSION = YES_AGGRESSIVE;
				CLANG_CXX_LANGUAGE_STANDARD = "gnu++0x";
				CLANG_CXX_LIBRARY = "libc++";
				CLANG_ENABLE_MODULES = YES;
				CLANG_ENABLE_OBJC_ARC = YES;
				CLANG_WARN_BLOCK_CAPTURE_AUTORELEASING = YES;
				CLANG_WARN_BOOL_CONVERSION = YES;
				CLANG_WARN_COMMA = YES;
				CLANG_WARN_CONSTANT_CONVERSION = YES;
				CLANG_WARN_DIRECT_OBJC_ISA_USAGE = YES_ERROR;
				CLANG_WARN_DOCUMENTATION_COMMENTS = YES;
				CLANG_WARN_EMPTY_BODY = YES;
				CLANG_WARN_ENUM_CONVERSION = YES;
				CLANG_WARN_INFINITE_RECURSION = YES;
				CLANG_WARN_INT_CONVERSION = YES;
				CLANG_WARN_NON_LITERAL_NULL_CONVERSION = YES;
				CLANG_WARN_OBJC_LITERAL_CONVERSION = YES;
				CLANG_WARN_OBJC_ROOT_CLASS = YES_ERROR;
				CLANG_WARN_RANGE_LOOP_ANALYSIS = YES;
				CLANG_WARN_STRICT_PROTOTYPES = YES;
				CLANG_WARN_SUSPICIOUS_MOVE = YES;
				CLANG_WARN_UNREACHABLE_CODE = YES;
				CLANG_WARN__DUPLICATE_METHOD_MATCH = YES;
				"CODE_SIGN_IDENTITY[sdk=iphoneos*]" = "iPhone Developer";
				COPY_PHASE_STRIP = NO;
				DEBUG_INFORMATION_FORMAT = "dwarf-with-dsym";
				ENABLE_NS_ASSERTIONS = NO;
				ENABLE_STRICT_OBJC_MSGSEND = YES;
				GCC_C_LANGUAGE_STANDARD = gnu99;
				GCC_NO_COMMON_BLOCKS = YES;
				GCC_WARN_64_TO_32_BIT_CONVERSION = YES;
				GCC_WARN_ABOUT_RETURN_TYPE = YES_ERROR;
				GCC_WARN_UNDECLARED_SELECTOR = YES;
				GCC_WARN_UNINITIALIZED_AUTOS = YES_AGGRESSIVE;
				GCC_WARN_UNUSED_FUNCTION = YES;
				GCC_WARN_UNUSED_VARIABLE = YES;
				IPHONEOS_DEPLOYMENT_TARGET = 10.3;
				MTL_ENABLE_DEBUG_INFO = NO;
				SDKROOT = iphoneos;
				SWIFT_OPTIMIZATION_LEVEL = "-Owholemodule";
				TARGETED_DEVICE_FAMILY = "1,2";
				VALIDATE_PRODUCT = YES;
			};
			name = Release;
		};
		B9BEF31F1F48A40200471BB4 /* Debug */ = {
			isa = XCBuildConfiguration;
			buildSettings = {
				ASSETCATALOG_COMPILER_APPICON_NAME = AppIcon;
				DEVELOPMENT_TEAM = L6J6597M8N;
				FRAMEWORK_SEARCH_PATHS = (
					"$(inherited)",
					"$(PROJECT_DIR)/Carthage/Build/iOS",
				);
				INFOPLIST_FILE = SampleApp/Info.plist;
				LD_RUNPATH_SEARCH_PATHS = "$(inherited) @executable_path/Frameworks";
				PRODUCT_BUNDLE_IDENTIFIER = kfurue.SampleApp;
				PRODUCT_NAME = "$(TARGET_NAME)";
				SWIFT_VERSION = 3.0;
			};
			name = Debug;
		};
		B9BEF3201F48A40200471BB4 /* Release */ = {
			isa = XCBuildConfiguration;
			buildSettings = {
				ASSETCATALOG_COMPILER_APPICON_NAME = AppIcon;
				DEVELOPMENT_TEAM = L6J6597M8N;
				FRAMEWORK_SEARCH_PATHS = (
					"$(inherited)",
					"$(PROJECT_DIR)/Carthage/Build/iOS",
				);
				INFOPLIST_FILE = SampleApp/Info.plist;
				LD_RUNPATH_SEARCH_PATHS = "$(inherited) @executable_path/Frameworks";
				PRODUCT_BUNDLE_IDENTIFIER = kfurue.SampleApp;
				PRODUCT_NAME = "$(TARGET_NAME)";
				SWIFT_VERSION = 3.0;
			};
			name = Release;
		};
		B9BEF3221F48A40200471BB4 /* Debug */ = {
			isa = XCBuildConfiguration;
			buildSettings = {
				ALWAYS_EMBED_SWIFT_STANDARD_LIBRARIES = YES;
				BUNDLE_LOADER = "$(TEST_HOST)";
				FRAMEWORK_SEARCH_PATHS = (
					"$(inherited)",
					"$(PROJECT_DIR)/Carthage/Build/iOS",
				);
				INFOPLIST_FILE = SampleAppTests/Info.plist;
				LD_RUNPATH_SEARCH_PATHS = "$(inherited) @executable_path/Frameworks @loader_path/Frameworks";
				PRODUCT_BUNDLE_IDENTIFIER = kfurue.SampleAppTests;
				PRODUCT_NAME = "$(TARGET_NAME)";
				SWIFT_VERSION = 3.0;
				TEST_HOST = "$(BUILT_PRODUCTS_DIR)/SampleApp.app/SampleApp";
			};
			name = Debug;
		};
		B9BEF3231F48A40200471BB4 /* Release */ = {
			isa = XCBuildConfiguration;
			buildSettings = {
				ALWAYS_EMBED_SWIFT_STANDARD_LIBRARIES = YES;
				BUNDLE_LOADER = "$(TEST_HOST)";
				FRAMEWORK_SEARCH_PATHS = (
					"$(inherited)",
					"$(PROJECT_DIR)/Carthage/Build/iOS",
				);
				INFOPLIST_FILE = SampleAppTests/Info.plist;
				LD_RUNPATH_SEARCH_PATHS = "$(inherited) @executable_path/Frameworks @loader_path/Frameworks";
				PRODUCT_BUNDLE_IDENTIFIER = kfurue.SampleAppTests;
				PRODUCT_NAME = "$(TARGET_NAME)";
				SWIFT_VERSION = 3.0;
				TEST_HOST = "$(BUILT_PRODUCTS_DIR)/SampleApp.app/SampleApp";
			};
			name = Release;
		};
		B9BEF3251F48A40200471BB4 /* Debug */ = {
			isa = XCBuildConfiguration;
			buildSettings = {
				ALWAYS_EMBED_SWIFT_STANDARD_LIBRARIES = YES;
				INFOPLIST_FILE = SampleAppUITests/Info.plist;
				LD_RUNPATH_SEARCH_PATHS = "$(inherited) @executable_path/Frameworks @loader_path/Frameworks";
				PRODUCT_BUNDLE_IDENTIFIER = kfurue.SampleAppUITests;
				PRODUCT_NAME = "$(TARGET_NAME)";
				SWIFT_VERSION = 3.0;
				TEST_TARGET_NAME = SampleApp;
			};
			name = Debug;
		};
		B9BEF3261F48A40200471BB4 /* Release */ = {
			isa = XCBuildConfiguration;
			buildSettings = {
				ALWAYS_EMBED_SWIFT_STANDARD_LIBRARIES = YES;
				INFOPLIST_FILE = SampleAppUITests/Info.plist;
				LD_RUNPATH_SEARCH_PATHS = "$(inherited) @executable_path/Frameworks @loader_path/Frameworks";
				PRODUCT_BUNDLE_IDENTIFIER = kfurue.SampleAppUITests;
				PRODUCT_NAME = "$(TARGET_NAME)";
				SWIFT_VERSION = 3.0;
				TEST_TARGET_NAME = SampleApp;
			};
			name = Release;
		};
/* End XCBuildConfiguration section */

/* Begin XCConfigurationList section */
		B9BEF2F11F48A40200471BB4 /* Build configuration list for PBXProject "SampleApp" */ = {
			isa = XCConfigurationList;
			buildConfigurations = (
				B9BEF31C1F48A40200471BB4 /* Debug */,
				B9BEF31D1F48A40200471BB4 /* Release */,
			);
			defaultConfigurationIsVisible = 0;
			defaultConfigurationName = Release;
		};
		B9BEF31E1F48A40200471BB4 /* Build configuration list for PBXNativeTarget "SampleApp" */ = {
			isa = XCConfigurationList;
			buildConfigurations = (
				B9BEF31F1F48A40200471BB4 /* Debug */,
				B9BEF3201F48A40200471BB4 /* Release */,
			);
			defaultConfigurationIsVisible = 0;
			defaultConfigurationName = Release;
		};
		B9BEF3211F48A40200471BB4 /* Build configuration list for PBXNativeTarget "SampleAppTests" */ = {
			isa = XCConfigurationList;
			buildConfigurations = (
				B9BEF3221F48A40200471BB4 /* Debug */,
				B9BEF3231F48A40200471BB4 /* Release */,
			);
			defaultConfigurationIsVisible = 0;
			defaultConfigurationName = Release;
		};
		B9BEF3241F48A40200471BB4 /* Build configuration list for PBXNativeTarget "SampleAppUITests" */ = {
			isa = XCConfigurationList;
			buildConfigurations = (
				B9BEF3251F48A40200471BB4 /* Debug */,
				B9BEF3261F48A40200471BB4 /* Release */,
			);
			defaultConfigurationIsVisible = 0;
			defaultConfigurationName = Release;
		};
/* End XCConfigurationList section */
	};
	rootObject = B9BEF2EE1F48A40200471BB4 /* Project object */;
}
